{
  "name": "httprunnermanager",
  "version": "1.0.0",
  "lockfileVersion": 1,
  "requires": true,
  "dependencies": {
    "ace-builds": {
      "version": "1.2.6",
      "resolved": "https://registry.npmjs.org/ace-builds/-/ace-builds-1.2.6.tgz",
      "integrity": "sha1-qSM8J8N7hJTyCvhJF+4WGUia9Ck="
    },
    "amazeui": {
      "version": "2.7.2",
      "resolved": "https://registry.npmjs.org/amazeui/-/amazeui-2.7.2.tgz",
      "integrity": "sha1-NWgjJUdchjwDM0lZTqObqbnsvHQ="
    },
    "bootstrap": {
      "version": "3.3.7",
      "resolved": "https://registry.npmjs.org/bootstrap/-/bootstrap-3.3.7.tgz",
      "integrity": "sha1-WjiTlFSfIzMIdaOxUGVldPip63E=",
      "dependencies": {
        "bootstrap-fileinput": {
          "version": "4.5.2",
          "resolved": "https://registry.npmjs.org/bootstrap-fileinput/-/bootstrap-fileinput-4.5.2.tgz",
          "integrity": "sha512-k0ESNdn2AJ+9bc7OQHQiduYtYWhiF/GocIfdwqGo6sYR+UwtllVdXp/O8khneSALuprRnmN3uNjN4QYzcfjcpA==",
          "requires": {
            "bootstrap": "3.3.7",
            "jquery": "3.3.1"
          }
        },
        "jquery": {
          "version": "3.3.1",
          "resolved": "https://registry.npmjs.org/jquery/-/jquery-3.3.1.tgz",
          "integrity": "sha512-Ubldcmxp5np52/ENotGxlLe6aGMvmF4R8S6tZjsP6Knsaxd/xp3Zrh50cG93lR6nPXyUFwzN3ZSOQI0wRJNdGg=="
        }
      }
    },
    "bootstrap-fileinput": {
      "version": "4.4.8",
      "resolved": "https://registry.npmjs.org/bootstrap-fileinput/-/bootstrap-fileinput-4.4.8.tgz",
      "integrity": "sha1-AODCwCzXfi2uM0mI/DLO/ourfOA=",
      "requires": {
        "bootstrap": "3.3.7",
        "jquery": "2.2.4"
      }
    },
    "bootstrap-validator": {
      "version": "0.11.9",
      "resolved": "https://registry.npmjs.org/bootstrap-validator/-/bootstrap-validator-0.11.9.tgz",
      "integrity": "sha1-+3BY7vU2I+ePWqeWcCb5j4dalAQ="
    },
    "claygl": {
      "version": "1.2.3",
      "resolved": "https://registry.npmjs.org/claygl/-/claygl-1.2.3.tgz",
      "integrity": "sha512-Egk/5+yJV85aSXaWP2pmyM38+8DhKOhvpHmQRjCnhLD5adU7SvNNpy4BUSc7cTGpuZ67Em8579oVWzkCLJXhgA=="
    },
    "echarts": {
      "version": "4.2.0-rc.2",
      "resolved": "https://registry.npmjs.org/echarts/-/echarts-4.2.0-rc.2.tgz",
      "integrity": "sha512-5Y4Kyi4eNsRM9Cnl7Q8C6PFVjznBJv1VIiMm/VSQ9zyqeo+ce1695GqUd9v4zfVx+Ow1gnwMJX67h0FNvarScw==",
      "requires": {
        "zrender": "4.0.5"
      }
    },
    "echarts-gl": {
      "version": "1.1.1",
      "resolved": "https://registry.npmjs.org/echarts-gl/-/echarts-gl-1.1.1.tgz",
      "integrity": "sha512-cRSTU9H+Ay+qCUFowm+2XcxYqCfi/OLK805NISeJunKgJa5p+7p7tnHZoI0qKebjtHu8VbFSOBk9UvWZ01adng==",
      "requires": {
        "claygl": "1.2.3",
        "zrender": "4.0.5"
      }
    },
    "echarts-stat": {
      "version": "1.1.1",
      "resolved": "https://registry.npmjs.org/echarts-stat/-/echarts-stat-1.1.1.tgz",
      "integrity": "sha1-vUiIABP1ecG4Z8xBXAnD/X2dwXk="
    },
    "jquery": {
      "version": "2.2.4",
      "resolved": "https://registry.npmjs.org/jquery/-/jquery-2.2.4.tgz",
      "integrity": "sha1-LInWiJterFIqfuoywUUhVZxsvwI="
    },
    "jquery-serializejson": {
      "version": "2.9.0",
      "resolved": "https://registry.npmjs.org/jquery-serializejson/-/jquery-serializejson-2.9.0.tgz",
      "integrity": "sha512-xR7rjl0tRKIVioV5lOkOSv7K8BHMvGzYzC7Ech1iAYuZiYf0ksEpLC8OqjA5VApXf/qn/49O9hTmW70+/EA0vA=="
    },
    "jqueryui": {
      "version": "1.11.1",
      "resolved": "https://registry.npmjs.org/jqueryui/-/jqueryui-1.11.1.tgz",
      "integrity": "sha1-hxhVBwX1Vo0RmRlhaQlNtzsikbw="
    },
    "simplex": {
      "version": "0.2.0",
      "resolved": "https://registry.npmjs.org/simplex/-/simplex-0.2.0.tgz",
      "integrity": "sha1-kZJ8ofCXRqv0wXZvHVqTI7Vv5SY="
    },
    "zrender": {
      "version": "4.0.5",
      "resolved": "https://registry.npmjs.org/zrender/-/zrender-4.0.5.tgz",
      "integrity": "sha512-SintgipGEJPT9Sz2ABRoE4ZD7Yzy7oR7j7KP6H+C9FlbHWnLUfGVK7E8UV27pGwlxAMB0EsnrqhXx5XjAfv/KA=="
    }
  }
}
